
Microsoft Visual Studio Solution File, Format Version 12.00
# Visual Studio Version 17
VisualStudioVersion = 17.10.35004.147
MinimumVisualStudioVersion = 10.0.40219.1
Project("{FAE04EC0-301F-11D3-BF4B-00C04F79EFBC}") = "Calculadora", "Calculadora.csproj", "{34E3337B-2CAD-4DE0-92EE-CB528C1D2836}"
EndProject
Global
	GlobalSection(SolutionConfigurationPlatforms) = preSolution
		Debug|Any CPU = Debug|Any CPU
		Release|Any CPU = Release|Any CPU
	EndGlobalSection
	GlobalSection(ProjectConfigurationPlatforms) = postSolution
		{34E3337B-2CAD-4DE0-92EE-CB528C1D2836}.Debug|Any CPU.ActiveCfg = Debug|Any CPU
		{34E3337B-2CAD-4DE0-92EE-CB528C1D2836}.Debug|Any CPU.Build.0 = Debug|Any CPU
		{34E3337B-2CAD-4DE0-92EE-CB528C1D2836}.Release|Any CPU.ActiveCfg = Release|Any CPU
		{34E3337B-2CAD-4DE0-92EE-CB528C1D2836}.Release|Any CPU.Build.0 = Release|Any CPU
	EndGlobalSection
	GlobalSection(SolutionProperties) = preSolution
		HideSolutionNode = FALSE
	EndGlobalSection
	GlobalSection(ExtensibilityGlobals) = postSolution
		SolutionGuid = {EA5EE4C4-C18D-47E0-90F5-031A0A8A879C}
	EndGlobalSection
EndGlobal
